
Microsoft Visual Studio Solution File, Format Version 11.00
# Visual Studio 2010
Project("{FAE04EC0-301F-11D3-BF4B-00C04F79EFBC}") = "Assignment12_1", "Assignment12_1\Assignment12_1.csproj", "{754203EC-F7AF-4621-8B29-287AF52E6995}"
EndProject
Project("{FAE04EC0-301F-11D3-BF4B-00C04F79EFBC}") = "Assignment12_2", "Assignment12_2\Assignment12_2.csproj", "{5F269966-7E67-4356-9D4C-734F35B69715}"
EndProject
Global
	GlobalSection(SolutionConfigurationPlatforms) = preSolution
		Debug|x86 = Debug|x86
		Release|x86 = Release|x86
	EndGlobalSection
	GlobalSection(ProjectConfigurationPlatforms) = postSolution
		{754203EC-F7AF-4621-8B29-287AF52E6995}.Debug|x86.ActiveCfg = Debug|x86
		{754203EC-F7AF-4621-8B29-287AF52E6995}.Debug|x86.Build.0 = Debug|x86
		{754203EC-F7AF-4621-8B29-287AF52E6995}.Release|x86.ActiveCfg = Release|x86
		{754203EC-F7AF-4621-8B29-287AF52E6995}.Release|x86.Build.0 = Release|x86
		{5F269966-7E67-4356-9D4C-734F35B69715}.Debug|x86.ActiveCfg = Debug|x86
		{5F269966-7E67-4356-9D4C-734F35B69715}.Debug|x86.Build.0 = Debug|x86
		{5F269966-7E67-4356-9D4C-734F35B69715}.Release|x86.ActiveCfg = Release|x86
		{5F269966-7E67-4356-9D4C-734F35B69715}.Release|x86.Build.0 = Release|x86
	EndGlobalSection
	GlobalSection(SolutionProperties) = preSolution
		HideSolutionNode = FALSE
	EndGlobalSection
EndGlobal
